
Microsoft Visual Studio Solution File, Format Version 12.00
# Visual Studio 2012
Project("{FAE04EC0-301F-11D3-BF4B-00C04F79EFBC}") = "GitCursus", "GitCursus\GitCursus.csproj", "{759A24BF-21B5-411B-82B5-2CECE3D8FE06}"
EndProject
Global
	GlobalSection(SolutionConfigurationPlatforms) = preSolution
		Debug|Any CPU = Debug|Any CPU
		Release|Any CPU = Release|Any CPU
	EndGlobalSection
	GlobalSection(ProjectConfigurationPlatforms) = postSolution
		{759A24BF-21B5-411B-82B5-2CECE3D8FE06}.Debug|Any CPU.ActiveCfg = Debug|Any CPU
		{759A24BF-21B5-411B-82B5-2CECE3D8FE06}.Debug|Any CPU.Build.0 = Debug|Any CPU
		{759A24BF-21B5-411B-82B5-2CECE3D8FE06}.Release|Any CPU.ActiveCfg = Release|Any CPU
		{759A24BF-21B5-411B-82B5-2CECE3D8FE06}.Release|Any CPU.Build.0 = Release|Any CPU
	EndGlobalSection
	GlobalSection(SolutionProperties) = preSolution
		HideSolutionNode = FALSE
	EndGlobalSection
EndGlobal
